
Microsoft Visual Studio Solution File, Format Version 12.00
# Visual Studio 2012
Project("{FAE04EC0-301F-11D3-BF4B-00C04F79EFBC}") = "AssemblyInfoGenerator", "AssemblySharedInfoGenerator\AssemblyInfoGenerator.csproj", "{133FC760-5699-46D9-BEA6-E816B5F01016}"
EndProject
Project("{FAE04EC0-301F-11D3-BF4B-00C04F79EFBC}") = "Migrations", "Migrations\Migrations.csproj", "{06B9E5B0-7C50-4351-9D88-E159DC25755F}"
EndProject
Project("{2150E333-8FDC-42A3-9474-1A3956D46DE8}") = "Libraries", "Libraries", "{05E800BE-758B-4D40-913E-35226C7859C2}"
EndProject
Project("{2150E333-8FDC-42A3-9474-1A3956D46DE8}") = "Revit", "Revit", "{5C6877F6-38EA-404C-9962-526A0CD2F56E}"
EndProject
Global
	GlobalSection(SolutionConfigurationPlatforms) = preSolution
		Debug|Any CPU = Debug|Any CPU
		Debug|Mixed Platforms = Debug|Mixed Platforms
		Debug|x86 = Debug|x86
		Release|Any CPU = Release|Any CPU
		Release|Mixed Platforms = Release|Mixed Platforms
		Release|x86 = Release|x86
	EndGlobalSection
	GlobalSection(ProjectConfigurationPlatforms) = postSolution
		{133FC760-5699-46D9-BEA6-E816B5F01016}.Debug|Any CPU.ActiveCfg = Debug|Any CPU
		{133FC760-5699-46D9-BEA6-E816B5F01016}.Debug|Any CPU.Build.0 = Debug|Any CPU
		{133FC760-5699-46D9-BEA6-E816B5F01016}.Release|Any CPU.ActiveCfg = Release|Any CPU
		{133FC760-5699-46D9-BEA6-E816B5F01016}.Release|Any CPU.Build.0 = Release|Any CPU
	EndGlobalSection
	GlobalSection(SolutionProperties) = preSolution
		HideSolutionNode = FALSE
	EndGlobalSection
	GlobalSection(NestedProjects) = preSolution
		{5C6877F6-38EA-404C-9962-526A0CD2F56E} = {05E800BE-758B-4D40-913E-35226C7859C2}
	EndGlobalSection
EndGlobal
