Microsoft Visual Studio Solution File, Format Version 12.00
# Visual Studio Version 17
VisualStudioVersion = 17.1.32328.378
MinimumVisualStudioVersion = 10.0.40219.1
Project("{2150E333-8FDC-42A3-9474-1A3956D46DE8}") = "Libraries", "Libraries", "{FA7BE306-A3B0-45FA-9D87-0C69E6932C13}"
EndProject
Project("{9A19103F-16F7-4668-BE54-9A1E7A4F7556}") = "RevitNodes", "Libraries\RevitNodes\RevitNodes.csproj", "{0BC2A611-BD0E-4FCC-A1DE-81F14ED369B2}"
	ProjectSection(ProjectDependencies) = postProject
		{133FC760-5699-46D9-BEA6-E816B5F01016} = {133FC760-5699-46D9-BEA6-E816B5F01016}
	EndProjectSection
EndProject
Project("{9A19103F-16F7-4668-BE54-9A1E7A4F7556}") = "RevitNodesUI", "Libraries\RevitNodesUI\RevitNodesUI.csproj", "{75940ACC-3708-4526-8D91-7E3365BAF682}"
EndProject
Project("{9A19103F-16F7-4668-BE54-9A1E7A4F7556}") = "RevitServices", "Libraries\RevitServices\RevitServices.csproj", "{E4701F9E-41AB-4044-8166-85D924FEB632}"
	ProjectSection(ProjectDependencies) = postProject
		{133FC760-5699-46D9-BEA6-E816B5F01016} = {133FC760-5699-46D9-BEA6-E816B5F01016}
	EndProjectSection
EndProject
Project("{9A19103F-16F7-4668-BE54-9A1E7A4F7556}") = "Migrations", "Libraries\Migrations\Migrations.csproj", "{06B9E5B0-7C50-4351-9D88-E159DC25755F}"
	ProjectSection(ProjectDependencies) = postProject
		{133FC760-5699-46D9-BEA6-E816B5F01016} = {133FC760-5699-46D9-BEA6-E816B5F01016}
	EndProjectSection
EndProject
Project("{9A19103F-16F7-4668-BE54-9A1E7A4F7556}") = "AssemblyInfoGenerator", "AssemblySharedInfoGenerator\AssemblyInfoGenerator.csproj", "{133FC760-5699-46D9-BEA6-E816B5F01016}"
EndProject
Project("{2150E333-8FDC-42A3-9474-1A3956D46DE8}") = "Solution Items", "Solution Items", "{4466E6F6-F644-43AB-96B3-5ECE1622E711}"
	ProjectSection(SolutionItems) = preProject
		..\.version = ..\.version
		..\CHANGELOG.md = ..\CHANGELOG.md
		..\README.md = ..\README.md
	EndProjectSection
EndProject
Project("{2150E333-8FDC-42A3-9474-1A3956D46DE8}") = "config", "config", "{9568462D-249F-4494-856B-5B25751DB361}"
	ProjectSection(SolutionItems) = preProject
		Config.xml = Config.xml
		Config\CS_SDK.props = Config\CS_SDK.props
		Config\dynamo-nuget.config = Config\dynamo-nuget.config
		Config\packages-template.aget = Config\packages-template.aget
		Config\packages.aget = Config\packages.aget
		Config\user_local.props = Config\user_local.props
	EndProjectSection
EndProject
Project("{FAE04EC0-301F-11D3-BF4B-00C04F79EFBC}") = "DADynamoApp", "DADynamoApp\DADynamoApp.csproj", "{66A0E1C8-2514-48B7-8406-536983F57F88}"
EndProject
Project("{FAE04EC0-301F-11D3-BF4B-00C04F79EFBC}") = "DynamoRevit", "DynamoRevit\DynamoRevit.csproj", "{BD7126B6-E716-4024-854F-6DA2CFA25B84}"
EndProject
Global
	GlobalSection(SolutionConfigurationPlatforms) = preSolution
		Debug|NET80_DA = Debug|NET80_DA
		Release|NET80_DA = Release|NET80_DA
	EndGlobalSection
	GlobalSection(ProjectConfigurationPlatforms) = postSolution
		{0BC2A611-BD0E-4FCC-A1DE-81F14ED369B2}.Debug|NET80_DA.ActiveCfg = Debug|NET80_DA
		{0BC2A611-BD0E-4FCC-A1DE-81F14ED369B2}.Debug|NET80_DA.Build.0 = Debug|NET80_DA
		{0BC2A611-BD0E-4FCC-A1DE-81F14ED369B2}.Release|NET80_DA.ActiveCfg = Release|NET80_DA
		{0BC2A611-BD0E-4FCC-A1DE-81F14ED369B2}.Release|NET80_DA.Build.0 = Release|NET80_DA
		{75940ACC-3708-4526-8D91-7E3365BAF682}.Debug|NET80_DA.ActiveCfg = Debug|NET80_DA
		{75940ACC-3708-4526-8D91-7E3365BAF682}.Debug|NET80_DA.Build.0 = Debug|NET80_DA
		{75940ACC-3708-4526-8D91-7E3365BAF682}.Release|NET80_DA.ActiveCfg = Release|NET80_DA
		{75940ACC-3708-4526-8D91-7E3365BAF682}.Release|NET80_DA.Build.0 = Release|NET80_DA
		{E4701F9E-41AB-4044-8166-85D924FEB632}.Debug|NET80_DA.ActiveCfg = Debug|NET80_DA
		{E4701F9E-41AB-4044-8166-85D924FEB632}.Debug|NET80_DA.Build.0 = Debug|NET80_DA
		{E4701F9E-41AB-4044-8166-85D924FEB632}.Release|NET80_DA.ActiveCfg = Release|NET80_DA
		{E4701F9E-41AB-4044-8166-85D924FEB632}.Release|NET80_DA.Build.0 = Release|NET80_DA
		{06B9E5B0-7C50-4351-9D88-E159DC25755F}.Debug|NET80_DA.ActiveCfg = Debug|NET80_DA
		{06B9E5B0-7C50-4351-9D88-E159DC25755F}.Debug|NET80_DA.Build.0 = Debug|NET80_DA
		{06B9E5B0-7C50-4351-9D88-E159DC25755F}.Release|NET80_DA.ActiveCfg = Release|NET80_DA
		{06B9E5B0-7C50-4351-9D88-E159DC25755F}.Release|NET80_DA.Build.0 = Release|NET80_DA
		{133FC760-5699-46D9-BEA6-E816B5F01016}.Debug|NET80_DA.ActiveCfg = Debug|NET80_DA
		{133FC760-5699-46D9-BEA6-E816B5F01016}.Debug|NET80_DA.Build.0 = Debug|NET80_DA
		{133FC760-5699-46D9-BEA6-E816B5F01016}.Release|NET80_DA.ActiveCfg = Release|NET80_DA
		{133FC760-5699-46D9-BEA6-E816B5F01016}.Release|NET80_DA.Build.0 = Release|NET80_DA
		{66A0E1C8-2514-48B7-8406-536983F57F88}.Debug|NET80_DA.ActiveCfg = Debug|NET80_DA
		{66A0E1C8-2514-48B7-8406-536983F57F88}.Debug|NET80_DA.Build.0 = Debug|NET80_DA
		{66A0E1C8-2514-48B7-8406-536983F57F88}.Release|NET80_DA.ActiveCfg = Release|NET80_DA
		{66A0E1C8-2514-48B7-8406-536983F57F88}.Release|NET80_DA.Build.0 = Release|NET80_DA
		{BD7126B6-E716-4024-854F-6DA2CFA25B84}.Debug|NET80_DA.ActiveCfg = Debug|NET80_DA
		{BD7126B6-E716-4024-854F-6DA2CFA25B84}.Debug|NET80_DA.Build.0 = Debug|NET80_DA
		{BD7126B6-E716-4024-854F-6DA2CFA25B84}.Release|NET80_DA.ActiveCfg = Release|NET80_DA
		{BD7126B6-E716-4024-854F-6DA2CFA25B84}.Release|NET80_DA.Build.0 = Release|NET80_DA
	EndGlobalSection
	GlobalSection(SolutionProperties) = preSolution
		HideSolutionNode = FALSE
	EndGlobalSection
	GlobalSection(NestedProjects) = preSolution
		{0BC2A611-BD0E-4FCC-A1DE-81F14ED369B2} = {FA7BE306-A3B0-45FA-9D87-0C69E6932C13}
		{75940ACC-3708-4526-8D91-7E3365BAF682} = {FA7BE306-A3B0-45FA-9D87-0C69E6932C13}
		{E4701F9E-41AB-4044-8166-85D924FEB632} = {FA7BE306-A3B0-45FA-9D87-0C69E6932C13}
		{06B9E5B0-7C50-4351-9D88-E159DC25755F} = {FA7BE306-A3B0-45FA-9D87-0C69E6932C13}
		{9568462D-249F-4494-856B-5B25751DB361} = {4466E6F6-F644-43AB-96B3-5ECE1622E711}
	EndGlobalSection
	GlobalSection(ExtensibilityGlobals) = postSolution
		SolutionGuid = {757AAA40-191F-4673-9B04-8270A3370BCA}
	EndGlobalSection
	GlobalSection(SharedMSBuildProjectFiles) = preSolution
		SharedUtilities\SharedUtilities.projitems*{66a0e1c8-2514-48b7-8406-536983f57f88}*SharedItemsImports = 5
		SharedUtilities\SharedUtilities.projitems*{bd7126b6-e716-4024-854f-6da2cfa25b84}*SharedItemsImports = 5
	EndGlobalSection
EndGlobal
